<?xml version="1.0" encoding="utf-8"?>
<Project ToolsVersion="4.0" xmlns="http://schemas.microsoft.com/developer/msbuild/2003">
  <ItemGroup>
    <Filter Include="Source Files">
      <UniqueIdentifier>{4FC737F1-C7A5-4376-A066-2A32D752A2FF}</UniqueIdentifier>
      <Extensions>cpp;c;cc;cxx;c++;cppm;ixx;def;odl;idl;hpj;bat;asm;asmx</Extensions>
    </Filter>
    <Filter Include="Header Files">
      <UniqueIdentifier>{93995380-89BD-4b04-88EB-625FBE52EBFB}</UniqueIdentifier>
      <Extensions>h;hh;hpp;hxx;h++;hm;inl;inc;ipp;xsd</Extensions>
    </Filter>
    <Filter Include="Resource Files">
      <UniqueIdentifier>{67DA6AB6-F800-4c08-8B7A-83BB121AAD01}</UniqueIdentifier>
      <Extensions>rc;ico;cur;bmp;dlg;rc2;rct;bin;rgs;gif;jpg;jpeg;jpe;resx;tiff;tif;png;wav;mfcribbon-ms</Extensions>
    </Filter>
    <Filter Include="TinyXML">
      <UniqueIdentifier>{1be1e9dd-a0da-4330-89fd-e2aefdbbea6f}</UniqueIdentifier>
    </Filter>
    <Filter Include="Camera">
      <UniqueIdentifier>{a05dadb7-1fa6-4609-8dbd-b0815e5e37d3}</UniqueIdentifier>
    </Filter>
    <Filter Include="Map">
      <UniqueIdentifier>{68653754-1247-4657-abfa-dddc0ce7a435}</UniqueIdentifier>
    </Filter>
    <Filter Include="DataReader">
      <UniqueIdentifier>{f3da81a4-3d39-475b-a1a7-f5bd7095e36b}</UniqueIdentifier>
    </Filter>
    <Filter Include="Scene">
      <UniqueIdentifier>{1631d51b-5334-4217-b779-ed41d31f1415}</UniqueIdentifier>
    </Filter>
    <Filter Include="Spawner">
      <UniqueIdentifier>{ea858a16-0c29-42f5-bba6-fdbc77d75650}</UniqueIdentifier>
    </Filter>
    <Filter Include="Timer">
      <UniqueIdentifier>{b36f7dee-6fd1-487e-be34-520759812662}</UniqueIdentifier>
    </Filter>
    <Filter Include="Stopwatch">
      <UniqueIdentifier>{5fb2a7c1-ff84-4d7b-9583-2e98212a74a7}</UniqueIdentifier>
    </Filter>
    <Filter Include="Goomba">
      <UniqueIdentifier>{4020f4f8-5393-4d59-bebe-7a9153d9eaed}</UniqueIdentifier>
    </Filter>
    <Filter Include="Transformation">
      <UniqueIdentifier>{75966633-f7f5-41e3-9e35-1e18ed36f54b}</UniqueIdentifier>
    </Filter>
    <Filter Include="Koopas">
      <UniqueIdentifier>{e81ac620-72f7-4977-a854-a7f47771a107}</UniqueIdentifier>
    </Filter>
    <Filter Include="CommandPoint">
      <UniqueIdentifier>{e3c97f89-961b-41f5-b68e-8034b83ad50e}</UniqueIdentifier>
    </Filter>
    <Filter Include="Mario">
      <UniqueIdentifier>{aa9aa442-ff34-477e-a706-164f13b70d14}</UniqueIdentifier>
    </Filter>
    <Filter Include="Brick">
      <UniqueIdentifier>{1a22c1dd-fdf3-4a41-8304-fa4daa8dcc36}</UniqueIdentifier>
    </Filter>
    <Filter Include="Effects">
      <UniqueIdentifier>{04502a47-6fbd-4b9f-a852-419b76341bbc}</UniqueIdentifier>
    </Filter>
    <Filter Include="Coin">
      <UniqueIdentifier>{c708e224-ef71-4086-8eb8-0903ea949cb9}</UniqueIdentifier>
    </Filter>
  </ItemGroup>
  <ItemGroup>
    <ClCompile Include="main.cpp">
      <Filter>Source Files</Filter>
    </ClCompile>
    <ClCompile Include="Animation.cpp">
      <Filter>Source Files</Filter>
    </ClCompile>
    <ClCompile Include="Animations.cpp">
      <Filter>Source Files</Filter>
    </ClCompile>
    <ClCompile Include="debug.cpp">
      <Filter>Source Files</Filter>
    </ClCompile>
    <ClCompile Include="Game.cpp">
      <Filter>Source Files</Filter>
    </ClCompile>
    <ClCompile Include="GameObject.cpp">
      <Filter>Source Files</Filter>
    </ClCompile>
    <ClCompile Include="Sprite.cpp">
      <Filter>Source Files</Filter>
    </ClCompile>
    <ClCompile Include="Sprites.cpp">
      <Filter>Source Files</Filter>
    </ClCompile>
    <ClCompile Include="Textures.cpp">
      <Filter>Source Files</Filter>
    </ClCompile>
    <ClCompile Include="Collision.cpp">
      <Filter>Source Files</Filter>
    </ClCompile>
    <ClCompile Include="PlayScene.cpp">
      <Filter>Source Files</Filter>
    </ClCompile>
    <ClCompile Include="Portal.cpp">
      <Filter>Source Files</Filter>
    </ClCompile>
    <ClCompile Include="SampleKeyEventHandler.cpp">
      <Filter>Source Files</Filter>
    </ClCompile>
    <ClCompile Include="Scence.cpp">
      <Filter>Source Files</Filter>
    </ClCompile>
    <ClCompile Include="Utils.cpp">
      <Filter>Source Files</Filter>
    </ClCompile>
    <ClCompile Include="Ground.cpp">
      <Filter>Source Files</Filter>
    </ClCompile>
    <ClCompile Include="Pipe.cpp">
      <Filter>Source Files</Filter>
    </ClCompile>
    <ClCompile Include="RedMushRoom.cpp">
      <Filter>Source Files</Filter>
    </ClCompile>
    <ClCompile Include="Effect.cpp">
      <Filter>Source Files</Filter>
    </ClCompile>
    <ClCompile Include="EffectManager.cpp">
      <Filter>Source Files</Filter>
    </ClCompile>
    <ClCompile Include="tinyXML\tinystr.cpp">
      <Filter>TinyXML</Filter>
    </ClCompile>
    <ClCompile Include="tinyXML\tinyxml.cpp">
      <Filter>TinyXML</Filter>
    </ClCompile>
    <ClCompile Include="tinyXML\tinyxmlerror.cpp">
      <Filter>TinyXML</Filter>
    </ClCompile>
    <ClCompile Include="tinyXML\tinyxmlparser.cpp">
      <Filter>TinyXML</Filter>
    </ClCompile>
    <ClCompile Include="Camera.cpp">
      <Filter>Camera</Filter>
    </ClCompile>
    <ClCompile Include="Direction.cpp">
      <Filter>Camera</Filter>
    </ClCompile>
    <ClCompile Include="RectBox.cpp">
      <Filter>Camera</Filter>
    </ClCompile>
    <ClCompile Include="CameraRegion.cpp">
      <Filter>Camera</Filter>
    </ClCompile>
    <ClCompile Include="GameMap.cpp">
      <Filter>Map</Filter>
    </ClCompile>
    <ClCompile Include="TileSet.cpp">
      <Filter>Map</Filter>
    </ClCompile>
    <ClCompile Include="MapData.cpp">
      <Filter>Map</Filter>
    </ClCompile>
    <ClCompile Include="DataReader.cpp">
      <Filter>DataReader</Filter>
    </ClCompile>
    <ClCompile Include="Layer.cpp">
      <Filter>Map</Filter>
    </ClCompile>
    <ClCompile Include="SceneManager.cpp">
      <Filter>Scene</Filter>
    </ClCompile>
    <ClCompile Include="ObjectType.cpp">
      <Filter>Source Files</Filter>
    </ClCompile>
    <ClCompile Include="ObjectTypeData.cpp">
      <Filter>Map</Filter>
    </ClCompile>
    <ClCompile Include="Spawner.cpp">
      <Filter>Spawner</Filter>
    </ClCompile>
    <ClCompile Include="Stopwatch.cpp">
      <Filter>Stopwatch</Filter>
    </ClCompile>
    <ClCompile Include="Goomba.cpp">
      <Filter>Goomba</Filter>
    </ClCompile>
    <ClCompile Include="RedWingGoomba.cpp">
      <Filter>Goomba</Filter>
    </ClCompile>
    <ClCompile Include="Koopas.cpp">
      <Filter>Koopas</Filter>
    </ClCompile>
    <ClCompile Include="CommandPoint.cpp">
      <Filter>CommandPoint</Filter>
    </ClCompile>
    <ClCompile Include="Mario.cpp">
      <Filter>Mario</Filter>
    </ClCompile>
    <ClCompile Include="SmallMario.cpp">
      <Filter>Mario</Filter>
    </ClCompile>
    <ClCompile Include="MasterMario.cpp">
      <Filter>Mario</Filter>
    </ClCompile>
    <ClCompile Include="BigMario.cpp">
      <Filter>Mario</Filter>
    </ClCompile>
    <ClCompile Include="Brick.cpp">
      <Filter>Brick</Filter>
    </ClCompile>
    <ClCompile Include="BrickEffect.cpp">
      <Filter>Effects</Filter>
    </ClCompile>
    <ClCompile Include="CoinEffect.cpp">
      <Filter>Effects</Filter>
    </ClCompile>
    <ClCompile Include="MarioGrowEffect.cpp">
      <Filter>Effects</Filter>
    </ClCompile>
    <ClCompile Include="Coin.cpp">
      <Filter>Coin</Filter>
    </ClCompile>
    <ClCompile Include="RaccoonMario.cpp">
      <Filter>Mario</Filter>
    </ClCompile>
    <ClCompile Include="Tail.cpp">
      <Filter>Mario</Filter>
    </ClCompile>
  </ItemGroup>
  <ItemGroup>
    <None Include="packages.config" />
  </ItemGroup>
  <ItemGroup>
    <ClInclude Include="Animation.h">
      <Filter>Header Files</Filter>
    </ClInclude>
    <ClInclude Include="AnimationFrame.h">
      <Filter>Header Files</Filter>
    </ClInclude>
    <ClInclude Include="Animations.h">
      <Filter>Header Files</Filter>
    </ClInclude>
    <ClInclude Include="Debug.h">
      <Filter>Header Files</Filter>
    </ClInclude>
    <ClInclude Include="Game.h">
      <Filter>Header Files</Filter>
    </ClInclude>
    <ClInclude Include="GameObject.h">
      <Filter>Header Files</Filter>
    </ClInclude>
    <ClInclude Include="Sprite.h">
      <Filter>Header Files</Filter>
    </ClInclude>
    <ClInclude Include="Sprites.h">
      <Filter>Header Files</Filter>
    </ClInclude>
    <ClInclude Include="Texture.h">
      <Filter>Header Files</Filter>
    </ClInclude>
    <ClInclude Include="Textures.h">
      <Filter>Header Files</Filter>
    </ClInclude>
    <ClInclude Include="Constants.h">
      <Filter>Header Files</Filter>
    </ClInclude>
    <ClInclude Include="AssetIDs.h">
      <Filter>Header Files</Filter>
    </ClInclude>
    <ClInclude Include="Collision.h">
      <Filter>Header Files</Filter>
    </ClInclude>
    <ClInclude Include="KeyEventHandler.h">
      <Filter>Header Files</Filter>
    </ClInclude>
    <ClInclude Include="PlayScene.h">
      <Filter>Header Files</Filter>
    </ClInclude>
    <ClInclude Include="Portal.h">
      <Filter>Header Files</Filter>
    </ClInclude>
    <ClInclude Include="SampleKeyEventHandler.h">
      <Filter>Header Files</Filter>
    </ClInclude>
    <ClInclude Include="Scene.h">
      <Filter>Header Files</Filter>
    </ClInclude>
    <ClInclude Include="Utils.h">
      <Filter>Header Files</Filter>
    </ClInclude>
    <ClInclude Include="Ground.h">
      <Filter>Header Files</Filter>
    </ClInclude>
    <ClInclude Include="Pipe.h">
      <Filter>Header Files</Filter>
    </ClInclude>
    <ClInclude Include="RedMushRoom.h">
      <Filter>Header Files</Filter>
    </ClInclude>
    <ClInclude Include="Timer.h">
      <Filter>Header Files</Filter>
    </ClInclude>
    <ClInclude Include="Effect.h">
      <Filter>Header Files</Filter>
    </ClInclude>
    <ClInclude Include="EffectManager.h">
      <Filter>Header Files</Filter>
    </ClInclude>
    <ClInclude Include="tinyXML\tinystr.h">
      <Filter>TinyXML</Filter>
    </ClInclude>
    <ClInclude Include="tinyXML\tinyxml.h">
      <Filter>TinyXML</Filter>
    </ClInclude>
    <ClInclude Include="Camera.h">
      <Filter>Camera</Filter>
    </ClInclude>
    <ClInclude Include="Direction.h">
      <Filter>Camera</Filter>
    </ClInclude>
    <ClInclude Include="RectBox.h">
      <Filter>Camera</Filter>
    </ClInclude>
    <ClInclude Include="CameraRegion.h">
      <Filter>Camera</Filter>
    </ClInclude>
    <ClInclude Include="GameMap.h">
      <Filter>Map</Filter>
    </ClInclude>
    <ClInclude Include="TileSet.h">
      <Filter>Map</Filter>
    </ClInclude>
    <ClInclude Include="MapData.h">
      <Filter>Map</Filter>
    </ClInclude>
    <ClInclude Include="DataReader.h">
      <Filter>DataReader</Filter>
    </ClInclude>
    <ClInclude Include="Layer.h">
      <Filter>Map</Filter>
    </ClInclude>
    <ClInclude Include="SceneManager.h">
      <Filter>Scene</Filter>
    </ClInclude>
    <ClInclude Include="ObjectType.h">
      <Filter>Header Files</Filter>
    </ClInclude>
    <ClInclude Include="ObjectTypeData.h">
      <Filter>Map</Filter>
    </ClInclude>
    <ClInclude Include="Spawner.h">
      <Filter>Spawner</Filter>
    </ClInclude>
    <ClInclude Include="Stopwatch.h">
      <Filter>Stopwatch</Filter>
    </ClInclude>
    <ClInclude Include="Goomba.h">
      <Filter>Goomba</Filter>
    </ClInclude>
    <ClInclude Include="Transformation.h">
      <Filter>Transformation</Filter>
    </ClInclude>
    <ClInclude Include="RedWingGoomba.h">
      <Filter>Goomba</Filter>
    </ClInclude>
    <ClInclude Include="Koopas.h">
      <Filter>Koopas</Filter>
    </ClInclude>
    <ClInclude Include="CommandPoint.h">
      <Filter>CommandPoint</Filter>
    </ClInclude>
    <ClInclude Include="Mario.h">
      <Filter>Mario</Filter>
    </ClInclude>
    <ClInclude Include="SmallMario.h">
      <Filter>Mario</Filter>
    </ClInclude>
    <ClInclude Include="MasterMario.h">
      <Filter>Mario</Filter>
    </ClInclude>
    <ClInclude Include="BigMario.h">
      <Filter>Mario</Filter>
    </ClInclude>
    <ClInclude Include="Brick.h">
      <Filter>Brick</Filter>
    </ClInclude>
    <ClInclude Include="BrickEffect.h">
      <Filter>Effects</Filter>
    </ClInclude>
    <ClInclude Include="CoinEffect.h">
      <Filter>Effects</Filter>
    </ClInclude>
    <ClInclude Include="MarioGrowEffect.h">
      <Filter>Effects</Filter>
    </ClInclude>
    <ClInclude Include="Coin.h">
      <Filter>Coin</Filter>
    </ClInclude>
    <ClInclude Include="RaccoonMario.h">
      <Filter>Mario</Filter>
    </ClInclude>
    <ClInclude Include="Tail.h">
      <Filter>Mario</Filter>
    </ClInclude>
  </ItemGroup>
</Project>